{
  "version": 4,
  "terraform_version": "1.4.2",
  "serial": 1,
  "lineage": "8a2a4d13-b44f-4221-4ce0-3c7b122cef72",
  "outputs": {},
  "resources": [
    {
      "mode": "managed",
      "type": "yandex_function",
      "name": "test-function",
      "provider": "provider[\"registry.terraform.io/yandex-cloud/yandex\"]",
      "instances": [
        {
          "schema_version": 0,
          "attributes": {
            "connectivity": [],
            "content": [
              {
                "zip_filename": "./main.zip"
              }
            ],
            "created_at": "2023-07-26T10:49:44Z",
            "description": "Test function",
            "entrypoint": "main",
            "environment": null,
            "execution_timeout": "10",
            "folder_id": "b1g5151e5d38t41s4ekt",
            "id": "d4e3bbvvcmti18s085o1",
            "image_size": 4096,
            "labels": null,
            "loggroup_id": "ckg7jveugsjdrvd11ij8",
            "memory": 128,
            "name": "test-function",
            "package": [],
            "runtime": "python37",
            "secrets": [],
            "service_account_id": "ajes9hrs27usjjc3irhq",
            "tags": [
              "testing"
            ],
            "timeouts": null,
            "user_hash": "first-function",
            "version": "d4eb890g1vppna9mf6q6"
          },
          "sensitive_attributes": [],
          "private": "eyJlMmJmYjczMC1lY2FhLTExZTYtOGY4OC0zNDM2M2JjN2M0YzAiOnsiY3JlYXRlIjo2MDAwMDAwMDAwMDAsImRlbGV0ZSI6NjAwMDAwMDAwMDAwLCJ1cGRhdGUiOjYwMDAwMDAwMDAwMH19"
        }
      ]
    }
  ],
  "check_results": null
}
